// !$*UTF8*$!
{
	archiveVersion = 1;
	classes = {
	};
	objectVersion = 50;
	objects = {

/* Begin PBXBuildFile section */
		5D4D642C2852441F00A662EF /* AppDelegate.swift in Sources */ = {isa = PBXBuildFile; fileRef = 5D4D642B2852441F00A662EF /* AppDelegate.swift */; };
		5D4D642E2852441F00A662EF /* SceneDelegate.swift in Sources */ = {isa = PBXBuildFile; fileRef = 5D4D642D2852441F00A662EF /* SceneDelegate.swift */; };
		5D4D64302852441F00A662EF /* VideoViewController.swift in Sources */ = {isa = PBXBuildFile; fileRef = 5D4D642F2852441F00A662EF /* VideoViewController.swift */; };
		5D4D64332852441F00A662EF /* Main.storyboard in Resources */ = {isa = PBXBuildFile; fileRef = 5D4D64312852441F00A662EF /* Main.storyboard */; };
		5D4D64352852442F00A662EF /* Assets.xcassets in Resources */ = {isa = PBXBuildFile; fileRef = 5D4D64342852442F00A662EF /* Assets.xcassets */; };
		5D4D64382852442F00A662EF /* LaunchScreen.storyboard in Resources */ = {isa = PBXBuildFile; fileRef = 5D4D64362852442F00A662EF /* LaunchScreen.storyboard */; };
		5D4D64412852451700A662EF /* CollectionViewCell.swift in Sources */ = {isa = PBXBuildFile; fileRef = 5D4D64402852451700A662EF /* CollectionViewCell.swift */; };
		5D62EFDC2852E32A008C5D92 /* rb.mp4 in Resources */ = {isa = PBXBuildFile; fileRef = 5D62EFDB2852E31E008C5D92 /* rb.mp4 */; };
		5D62EFE028530607008C5D92 /* rb1.mp4 in Resources */ = {isa = PBXBuildFile; fileRef = 5D62EFDE285305F3008C5D92 /* rb1.mp4 */; };
		5D62EFE128530607008C5D92 /* rb2.mp4 in Resources */ = {isa = PBXBuildFile; fileRef = 5D62EFDF285305FD008C5D92 /* rb2.mp4 */; };
		5D62EFEB285349F8008C5D92 /* HomeViewController.swift in Sources */ = {isa = PBXBuildFile; fileRef = 5D62EFEA285349F8008C5D92 /* HomeViewController.swift */; };
		5D62EFEF28534A07008C5D92 /* SearchViewController.swift in Sources */ = {isa = PBXBuildFile; fileRef = 5D62EFEE28534A07008C5D92 /* SearchViewController.swift */; };
		5D62EFF228534A17008C5D92 /* CommentViewController.swift in Sources */ = {isa = PBXBuildFile; fileRef = 5D62EFF128534A17008C5D92 /* CommentViewController.swift */; };
		5D62EFF528534A26008C5D92 /* ProfileViewController.swift in Sources */ = {isa = PBXBuildFile; fileRef = 5D62EFF428534A26008C5D92 /* ProfileViewController.swift */; };
		5D62EFFB28534C0C008C5D92 /* VideoModel.swift in Sources */ = {isa = PBXBuildFile; fileRef = 5D62EFFA28534C0C008C5D92 /* VideoModel.swift */; };
		5D62F00328538529008C5D92 /* rb3.mp4 in Resources */ = {isa = PBXBuildFile; fileRef = 5D62F00128538506008C5D92 /* rb3.mp4 */; };
		5D62F00428538529008C5D92 /* rb4.mp4 in Resources */ = {isa = PBXBuildFile; fileRef = 5D62F00228538508008C5D92 /* rb4.mp4 */; };
/* End PBXBuildFile section */

/* Begin PBXFileReference section */
		5D4D64282852441F00A662EF /* Tiktok.app */ = {isa = PBXFileReference; explicitFileType = wrapper.application; includeInIndex = 0; path = Tiktok.app; sourceTree = BUILT_PRODUCTS_DIR; };
		5D4D642B2852441F00A662EF /* AppDelegate.swift */ = {isa = PBXFileReference; lastKnownFileType = sourcecode.swift; path = AppDelegate.swift; sourceTree = "<group>"; };
		5D4D642D2852441F00A662EF /* SceneDelegate.swift */ = {isa = PBXFileReference; lastKnownFileType = sourcecode.swift; path = SceneDelegate.swift; sourceTree = "<group>"; };
		5D4D642F2852441F00A662EF /* VideoViewController.swift */ = {isa = PBXFileReference; lastKnownFileType = sourcecode.swift; path = VideoViewController.swift; sourceTree = "<group>"; };
		5D4D64322852441F00A662EF /* Base */ = {isa = PBXFileReference; lastKnownFileType = file.storyboard; name = Base; path = Base.lproj/Main.storyboard; sourceTree = "<group>"; };
		5D4D64342852442F00A662EF /* Assets.xcassets */ = {isa = PBXFileReference; lastKnownFileType = folder.assetcatalog; path = Assets.xcassets; sourceTree = "<group>"; };
		5D4D64372852442F00A662EF /* Base */ = {isa = PBXFileReference; lastKnownFileType = file.storyboard; name = Base; path = Base.lproj/LaunchScreen.storyboard; sourceTree = "<group>"; };
		5D4D64392852442F00A662EF /* Info.plist */ = {isa = PBXFileReference; lastKnownFileType = text.plist.xml; path = Info.plist; sourceTree = "<group>"; };
		5D4D64402852451700A662EF /* CollectionViewCell.swift */ = {isa = PBXFileReference; lastKnownFileType = sourcecode.swift; path = CollectionViewCell.swift; sourceTree = "<group>"; };
		5D62EFDB2852E31E008C5D92 /* rb.mp4 */ = {isa = PBXFileReference; lastKnownFileType = file; path = rb.mp4; sourceTree = "<group>"; };
		5D62EFDE285305F3008C5D92 /* rb1.mp4 */ = {isa = PBXFileReference; lastKnownFileType = file; path = rb1.mp4; sourceTree = "<group>"; };
		5D62EFDF285305FD008C5D92 /* rb2.mp4 */ = {isa = PBXFileReference; lastKnownFileType = file; path = rb2.mp4; sourceTree = "<group>"; };
		5D62EFEA285349F8008C5D92 /* HomeViewController.swift */ = {isa = PBXFileReference; lastKnownFileType = sourcecode.swift; path = HomeViewController.swift; sourceTree = "<group>"; };
		5D62EFEE28534A07008C5D92 /* SearchViewController.swift */ = {isa = PBXFileReference; lastKnownFileType = sourcecode.swift; path = SearchViewController.swift; sourceTree = "<group>"; };
		5D62EFF128534A17008C5D92 /* CommentViewController.swift */ = {isa = PBXFileReference; lastKnownFileType = sourcecode.swift; path = CommentViewController.swift; sourceTree = "<group>"; };
		5D62EFF428534A26008C5D92 /* ProfileViewController.swift */ = {isa = PBXFileReference; lastKnownFileType = sourcecode.swift; path = ProfileViewController.swift; sourceTree = "<group>"; };
		5D62EFFA28534C0C008C5D92 /* VideoModel.swift */ = {isa = PBXFileReference; lastKnownFileType = sourcecode.swift; path = VideoModel.swift; sourceTree = "<group>"; };
		5D62F00128538506008C5D92 /* rb3.mp4 */ = {isa = PBXFileReference; lastKnownFileType = file; path = rb3.mp4; sourceTree = "<group>"; };
		5D62F00228538508008C5D92 /* rb4.mp4 */ = {isa = PBXFileReference; lastKnownFileType = file; path = rb4.mp4; sourceTree = "<group>"; };
/* End PBXFileReference section */

/* Begin PBXFrameworksBuildPhase section */
		5D4D64252852441F00A662EF /* Frameworks */ = {
			isa = PBXFrameworksBuildPhase;
			buildActionMask = 2147483647;
			files = (
			);
			runOnlyForDeploymentPostprocessing = 0;
		};
/* End PBXFrameworksBuildPhase section */

/* Begin PBXGroup section */
		5D4D641F2852441F00A662EF = {
			isa = PBXGroup;
			children = (
				5D4D642A2852441F00A662EF /* Tiktok */,
				5D4D64292852441F00A662EF /* Products */,
			);
			sourceTree = "<group>";
		};
		5D4D64292852441F00A662EF /* Products */ = {
			isa = PBXGroup;
			children = (
				5D4D64282852441F00A662EF /* Tiktok.app */,
			);
			name = Products;
			sourceTree = "<group>";
		};
		5D4D642A2852441F00A662EF /* Tiktok */ = {
			isa = PBXGroup;
			children = (
				5D62EFFD28535038008C5D92 /* Resources */,
				5D62EFFE2853504E008C5D92 /* Supportingfiles */,
				5D62EFE9285349DA008C5D92 /* Controller */,
				5D62EFE8285349D4008C5D92 /* View */,
				5D62EFE7285349CE008C5D92 /* Model */,
				5D4D64392852442F00A662EF /* Info.plist */,
			);
			path = Tiktok;
			sourceTree = "<group>";
		};
		5D62EFE7285349CE008C5D92 /* Model */ = {
			isa = PBXGroup;
			children = (
				5D62EFFA28534C0C008C5D92 /* VideoModel.swift */,
			);
			path = Model;
			sourceTree = "<group>";
		};
		5D62EFE8285349D4008C5D92 /* View */ = {
			isa = PBXGroup;
			children = (
				5D4D64402852451700A662EF /* CollectionViewCell.swift */,
				5D62EFF828534A5E008C5D92 /* Storyboard */,
			);
			path = View;
			sourceTree = "<group>";
		};
		5D62EFE9285349DA008C5D92 /* Controller */ = {
			isa = PBXGroup;
			children = (
				5D62EFEA285349F8008C5D92 /* HomeViewController.swift */,
				5D62EFEE28534A07008C5D92 /* SearchViewController.swift */,
				5D62EFF128534A17008C5D92 /* CommentViewController.swift */,
				5D62EFF428534A26008C5D92 /* ProfileViewController.swift */,
				5D4D642F2852441F00A662EF /* VideoViewController.swift */,
			);
			path = Controller;
			sourceTree = "<group>";
		};
		5D62EFF828534A5E008C5D92 /* Storyboard */ = {
			isa = PBXGroup;
			children = (
				5D4D64312852441F00A662EF /* Main.storyboard */,
				5D4D64362852442F00A662EF /* LaunchScreen.storyboard */,
			);
			path = Storyboard;
			sourceTree = "<group>";
		};
		5D62EFFD28535038008C5D92 /* Resources */ = {
			isa = PBXGroup;
			children = (
				5D4D64342852442F00A662EF /* Assets.xcassets */,
				5D62EFFF28535099008C5D92 /* VideoFiles */,
			);
			path = Resources;
			sourceTree = "<group>";
		};
		5D62EFFE2853504E008C5D92 /* Supportingfiles */ = {
			isa = PBXGroup;
			children = (
				5D4D642B2852441F00A662EF /* AppDelegate.swift */,
				5D4D642D2852441F00A662EF /* SceneDelegate.swift */,
			);
			path = Supportingfiles;
			sourceTree = "<group>";
		};
		5D62EFFF28535099008C5D92 /* VideoFiles */ = {
			isa = PBXGroup;
			children = (
				5D62EFDE285305F3008C5D92 /* rb1.mp4 */,
				5D62F00128538506008C5D92 /* rb3.mp4 */,
				5D62F00228538508008C5D92 /* rb4.mp4 */,
				5D62EFDB2852E31E008C5D92 /* rb.mp4 */,
				5D62EFDF285305FD008C5D92 /* rb2.mp4 */,
			);
			path = VideoFiles;
			sourceTree = "<group>";
		};
/* End PBXGroup section */

/* Begin PBXNativeTarget section */
		5D4D64272852441F00A662EF /* Tiktok */ = {
			isa = PBXNativeTarget;
			buildConfigurationList = 5D4D643C2852442F00A662EF /* Build configuration list for PBXNativeTarget "Tiktok" */;
			buildPhases = (
				5D4D64242852441F00A662EF /* Sources */,
				5D4D64252852441F00A662EF /* Frameworks */,
				5D4D64262852441F00A662EF /* Resources */,
			);
			buildRules = (
			);
			dependencies = (
			);
			name = Tiktok;
			productName = Tiktok;
			productReference = 5D4D64282852441F00A662EF /* Tiktok.app */;
			productType = "com.apple.product-type.application";
		};
/* End PBXNativeTarget section */

/* Begin PBXProject section */
		5D4D64202852441F00A662EF /* Project object */ = {
			isa = PBXProject;
			attributes = {
				LastSwiftUpdateCheck = 1240;
				LastUpgradeCheck = 1240;
				TargetAttributes = {
					5D4D64272852441F00A662EF = {
						CreatedOnToolsVersion = 12.4;
					};
				};
			};
			buildConfigurationList = 5D4D64232852441F00A662EF /* Build configuration list for PBXProject "Tiktok" */;
			compatibilityVersion = "Xcode 9.3";
			developmentRegion = en;
			hasScannedForEncodings = 0;
			knownRegions = (
				en,
				Base,
			);
			mainGroup = 5D4D641F2852441F00A662EF;
			productRefGroup = 5D4D64292852441F00A662EF /* Products */;
			projectDirPath = "";
			projectRoot = "";
			targets = (
				5D4D64272852441F00A662EF /* Tiktok */,
			);
		};
/* End PBXProject section */

/* Begin PBXResourcesBuildPhase section */
		5D4D64262852441F00A662EF /* Resources */ = {
			isa = PBXResourcesBuildPhase;
			buildActionMask = 2147483647;
			files = (
				5D62F00328538529008C5D92 /* rb3.mp4 in Resources */,
				5D62F00428538529008C5D92 /* rb4.mp4 in Resources */,
				5D62EFE028530607008C5D92 /* rb1.mp4 in Resources */,
				5D62EFE128530607008C5D92 /* rb2.mp4 in Resources */,
				5D62EFDC2852E32A008C5D92 /* rb.mp4 in Resources */,
				5D4D64382852442F00A662EF /* LaunchScreen.storyboard in Resources */,
				5D4D64352852442F00A662EF /* Assets.xcassets in Resources */,
				5D4D64332852441F00A662EF /* Main.storyboard in Resources */,
			);
			runOnlyForDeploymentPostprocessing = 0;
		};
/* End PBXResourcesBuildPhase section */

/* Begin PBXSourcesBuildPhase section */
		5D4D64242852441F00A662EF /* Sources */ = {
			isa = PBXSourcesBuildPhase;
			buildActionMask = 2147483647;
			files = (
				5D62EFF228534A17008C5D92 /* CommentViewController.swift in Sources */,
				5D62EFEF28534A07008C5D92 /* SearchViewController.swift in Sources */,
				5D62EFEB285349F8008C5D92 /* HomeViewController.swift in Sources */,
				5D4D64302852441F00A662EF /* VideoViewController.swift in Sources */,
				5D62EFFB28534C0C008C5D92 /* VideoModel.swift in Sources */,
				5D4D642C2852441F00A662EF /* AppDelegate.swift in Sources */,
				5D4D64412852451700A662EF /* CollectionViewCell.swift in Sources */,
				5D62EFF528534A26008C5D92 /* ProfileViewController.swift in Sources */,
				5D4D642E2852441F00A662EF /* SceneDelegate.swift in Sources */,
			);
			runOnlyForDeploymentPostprocessing = 0;
		};
/* End PBXSourcesBuildPhase section */

/* Begin PBXVariantGroup section */
		5D4D64312852441F00A662EF /* Main.storyboard */ = {
			isa = PBXVariantGroup;
			children = (
				5D4D64322852441F00A662EF /* Base */,
			);
			name = Main.storyboard;
			sourceTree = "<group>";
		};
		5D4D64362852442F00A662EF /* LaunchScreen.storyboard */ = {
			isa = PBXVariantGroup;
			children = (
				5D4D64372852442F00A662EF /* Base */,
			);
			name = LaunchScreen.storyboard;
			sourceTree = "<group>";
		};
/* End PBXVariantGroup section */

/* Begin XCBuildConfiguration section */
		5D4D643A2852442F00A662EF /* Debug */ = {
			isa = XCBuildConfiguration;
			buildSettings = {
				ALWAYS_SEARCH_USER_PATHS = NO;
				CLANG_ANALYZER_NONNULL = YES;
				CLANG_ANALYZER_NUMBER_OBJECT_CONVERSION = YES_AGGRESSIVE;
				CLANG_CXX_LANGUAGE_STANDARD = "gnu++14";
				CLANG_CXX_LIBRARY = "libc++";
				CLANG_ENABLE_MODULES = YES;
				CLANG_ENABLE_OBJC_ARC = YES;
				CLANG_ENABLE_OBJC_WEAK = YES;
				CLANG_WARN_BLOCK_CAPTURE_AUTORELEASING = YES;
				CLANG_WARN_BOOL_CONVERSION = YES;
				CLANG_WARN_COMMA = YES;
				CLANG_WARN_CONSTANT_CONVERSION = YES;
				CLANG_WARN_DEPRECATED_OBJC_IMPLEMENTATIONS = YES;
				CLANG_WARN_DIRECT_OBJC_ISA_USAGE = YES_ERROR;
				CLANG_WARN_DOCUMENTATION_COMMENTS = YES;
				CLANG_WARN_EMPTY_BODY = YES;
				CLANG_WARN_ENUM_CONVERSION = YES;
				CLANG_WARN_INFINITE_RECURSION = YES;
				CLANG_WARN_INT_CONVERSION = YES;
				CLANG_WARN_NON_LITERAL_NULL_CONVERSION = YES;
				CLANG_WARN_OBJC_IMPLICIT_RETAIN_SELF = YES;
				CLANG_WARN_OBJC_LITERAL_CONVERSION = YES;
				CLANG_WARN_OBJC_ROOT_CLASS = YES_ERROR;
				CLANG_WARN_QUOTED_INCLUDE_IN_FRAMEWORK_HEADER = YES;
				CLANG_WARN_RANGE_LOOP_ANALYSIS = YES;
				CLANG_WARN_STRICT_PROTOTYPES = YES;
				CLANG_WARN_SUSPICIOUS_MOVE = YES;
				CLANG_WARN_UNGUARDED_AVAILABILITY = YES_AGGRESSIVE;
				CLANG_WARN_UNREACHABLE_CODE = YES;
				CLANG_WARN__DUPLICATE_METHOD_MATCH = YES;
				COPY_PHASE_STRIP = NO;
				DEBUG_INFORMATION_FORMAT = dwarf;
				ENABLE_STRICT_OBJC_MSGSEND = YES;
				ENABLE_TESTABILITY = YES;
				GCC_C_LANGUAGE_STANDARD = gnu11;
				GCC_DYNAMIC_NO_PIC = NO;
				GCC_NO_COMMON_BLOCKS = YES;
				GCC_OPTIMIZATION_LEVEL = 0;
				GCC_PREPROCESSOR_DEFINITIONS = (
					"DEBUG=1",
					"$(inherited)",
				);
				GCC_WARN_64_TO_32_BIT_CONVERSION = YES;
				GCC_WARN_ABOUT_RETURN_TYPE = YES_ERROR;
				GCC_WARN_UNDECLARED_SELECTOR = YES;
				GCC_WARN_UNINITIALIZED_AUTOS = YES_AGGRESSIVE;
				GCC_WARN_UNUSED_FUNCTION = YES;
				GCC_WARN_UNUSED_VARIABLE = YES;
				IPHONEOS_DEPLOYMENT_TARGET = 14.4;
				MTL_ENABLE_DEBUG_INFO = INCLUDE_SOURCE;
				MTL_FAST_MATH = YES;
				ONLY_ACTIVE_ARCH = YES;
				SDKROOT = iphoneos;
				SWIFT_ACTIVE_COMPILATION_CONDITIONS = DEBUG;
				SWIFT_OPTIMIZATION_LEVEL = "-Onone";
			};
			name = Debug;
		};
		5D4D643B2852442F00A662EF /* Release */ = {
			isa = XCBuildConfiguration;
			buildSettings = {
				ALWAYS_SEARCH_USER_PATHS = NO;
				CLANG_ANALYZER_NONNULL = YES;
				CLANG_ANALYZER_NUMBER_OBJECT_CONVERSION = YES_AGGRESSIVE;
				CLANG_CXX_LANGUAGE_STANDARD = "gnu++14";
				CLANG_CXX_LIBRARY = "libc++";
				CLANG_ENABLE_MODULES = YES;
				CLANG_ENABLE_OBJC_ARC = YES;
				CLANG_ENABLE_OBJC_WEAK = YES;
				CLANG_WARN_BLOCK_CAPTURE_AUTORELEASING = YES;
				CLANG_WARN_BOOL_CONVERSION = YES;
				CLANG_WARN_COMMA = YES;
				CLANG_WARN_CONSTANT_CONVERSION = YES;
				CLANG_WARN_DEPRECATED_OBJC_IMPLEMENTATIONS = YES;
				CLANG_WARN_DIRECT_OBJC_ISA_USAGE = YES_ERROR;
				CLANG_WARN_DOCUMENTATION_COMMENTS = YES;
				CLANG_WARN_EMPTY_BODY = YES;
				CLANG_WARN_ENUM_CONVERSION = YES;
				CLANG_WARN_INFINITE_RECURSION = YES;
				CLANG_WARN_INT_CONVERSION = YES;
				CLANG_WARN_NON_LITERAL_NULL_CONVERSION = YES;
				CLANG_WARN_OBJC_IMPLICIT_RETAIN_SELF = YES;
				CLANG_WARN_OBJC_LITERAL_CONVERSION = YES;
				CLANG_WARN_OBJC_ROOT_CLASS = YES_ERROR;
				CLANG_WARN_QUOTED_INCLUDE_IN_FRAMEWORK_HEADER = YES;
				CLANG_WARN_RANGE_LOOP_ANALYSIS = YES;
				CLANG_WARN_STRICT_PROTOTYPES = YES;
				CLANG_WARN_SUSPICIOUS_MOVE = YES;
				CLANG_WARN_UNGUARDED_AVAILABILITY = YES_AGGRESSIVE;
				CLANG_WARN_UNREACHABLE_CODE = YES;
				CLANG_WARN__DUPLICATE_METHOD_MATCH = YES;
				COPY_PHASE_STRIP = NO;
				DEBUG_INFORMATION_FORMAT = "dwarf-with-dsym";
				ENABLE_NS_ASSERTIONS = NO;
				ENABLE_STRICT_OBJC_MSGSEND = YES;
				GCC_C_LANGUAGE_STANDARD = gnu11;
				GCC_NO_COMMON_BLOCKS = YES;
				GCC_WARN_64_TO_32_BIT_CONVERSION = YES;
				GCC_WARN_ABOUT_RETURN_TYPE = YES_ERROR;
				GCC_WARN_UNDECLARED_SELECTOR = YES;
				GCC_WARN_UNINITIALIZED_AUTOS = YES_AGGRESSIVE;
				GCC_WARN_UNUSED_FUNCTION = YES;
				GCC_WARN_UNUSED_VARIABLE = YES;
				IPHONEOS_DEPLOYMENT_TARGET = 14.4;
				MTL_ENABLE_DEBUG_INFO = NO;
				MTL_FAST_MATH = YES;
				SDKROOT = iphoneos;
				SWIFT_COMPILATION_MODE = wholemodule;
				SWIFT_OPTIMIZATION_LEVEL = "-O";
				VALIDATE_PRODUCT = YES;
			};
			name = Release;
		};
		5D4D643D2852442F00A662EF /* Debug */ = {
			isa = XCBuildConfiguration;
			buildSettings = {
				ASSETCATALOG_COMPILER_APPICON_NAME = AppIcon;
				ASSETCATALOG_COMPILER_GLOBAL_ACCENT_COLOR_NAME = AccentColor;
				CODE_SIGN_STYLE = Automatic;
				DEVELOPMENT_TEAM = NB5B4D8982;
				INFOPLIST_FILE = Tiktok/Info.plist;
				LD_RUNPATH_SEARCH_PATHS = (
					"$(inherited)",
					"@executable_path/Frameworks",
				);
				PRODUCT_BUNDLE_IDENTIFIER = riponsk.Tiktok;
				PRODUCT_NAME = "$(TARGET_NAME)";
				SWIFT_VERSION = 5.0;
				TARGETED_DEVICE_FAMILY = "1,2";
			};
			name = Debug;
		};
		5D4D643E2852442F00A662EF /* Release */ = {
			isa = XCBuildConfiguration;
			buildSettings = {
				ASSETCATALOG_COMPILER_APPICON_NAME = AppIcon;
				ASSETCATALOG_COMPILER_GLOBAL_ACCENT_COLOR_NAME = AccentColor;
				CODE_SIGN_STYLE = Automatic;
				DEVELOPMENT_TEAM = NB5B4D8982;
				INFOPLIST_FILE = Tiktok/Info.plist;
				LD_RUNPATH_SEARCH_PATHS = (
					"$(inherited)",
					"@executable_path/Frameworks",
				);
				PRODUCT_BUNDLE_IDENTIFIER = riponsk.Tiktok;
				PRODUCT_NAME = "$(TARGET_NAME)";
				SWIFT_VERSION = 5.0;
				TARGETED_DEVICE_FAMILY = "1,2";
			};
			name = Release;
		};
/* End XCBuildConfiguration section */

/* Begin XCConfigurationList section */
		5D4D64232852441F00A662EF /* Build configuration list for PBXProject "Tiktok" */ = {
			isa = XCConfigurationList;
			buildConfigurations = (
				5D4D643A2852442F00A662EF /* Debug */,
				5D4D643B2852442F00A662EF /* Release */,
			);
			defaultConfigurationIsVisible = 0;
			defaultConfigurationName = Release;
		};
		5D4D643C2852442F00A662EF /* Build configuration list for PBXNativeTarget "Tiktok" */ = {
			isa = XCConfigurationList;
			buildConfigurations = (
				5D4D643D2852442F00A662EF /* Debug */,
				5D4D643E2852442F00A662EF /* Release */,
			);
			defaultConfigurationIsVisible = 0;
			defaultConfigurationName = Release;
		};
/* End XCConfigurationList section */
	};
	rootObject = 5D4D64202852441F00A662EF /* Project object */;
}
